# This file is generated by running "yarn install" inside your project.
# Manual changes might be lost - proceed with caution!

__metadata:
  version: 8
  cacheKey: 10c0

"@octokit/auth-token@npm:^5.0.0":
  version: 5.1.1
  resolution: "@octokit/auth-token@npm:5.1.1"
  checksum: 10c0/1e6117c5170de9a5532ffb85e0bda153f4dffdd66871c42de952828eddd9029fe5161a2a8bf20b57f0d45c80f8fb9ddc69aa639e0fa6b776829efb1b0881b154
  languageName: node
  linkType: hard

"@octokit/core@npm:^6.1.2":
  version: 6.1.2
  resolution: "@octokit/core@npm:6.1.2"
  dependencies:
    "@octokit/auth-token": "npm:^5.0.0"
    "@octokit/graphql": "npm:^8.0.0"
    "@octokit/request": "npm:^9.0.0"
    "@octokit/request-error": "npm:^6.0.1"
    "@octokit/types": "npm:^13.0.0"
    before-after-hook: "npm:^3.0.2"
    universal-user-agent: "npm:^7.0.0"
  checksum: 10c0/f73be16a8013f69197b7744de75537d869f3a2061dda25dcde746d23b87f305bbdc7adbfe044ab0755eec32e6d54d61c73f4ca788d214eba8e88648a3133733e
  languageName: node
  linkType: hard

"@octokit/endpoint@npm:^10.0.0":
  version: 10.1.1
  resolution: "@octokit/endpoint@npm:10.1.1"
  dependencies:
    "@octokit/types": "npm:^13.0.0"
    universal-user-agent: "npm:^7.0.2"
  checksum: 10c0/946517241b33db075e7b3fd8abc6952b9e32be312197d07d415dbefb35b93d26afd508f64315111de7cabc2638d4790a9b0b366cf6cc201de5ec6997c7944c8b
  languageName: node
  linkType: hard

"@octokit/graphql@npm:^8.0.0":
  version: 8.1.1
  resolution: "@octokit/graphql@npm:8.1.1"
  dependencies:
    "@octokit/request": "npm:^9.0.0"
    "@octokit/types": "npm:^13.0.0"
    universal-user-agent: "npm:^7.0.0"
  checksum: 10c0/fe68b89b21416f56bc9c0d19bba96a9a8ee567312b6fb764b05ea0649a5e44bec71665a0013e7c34304eb77c20ad7e7a7cf43b87ea27c280350229d71034c131
  languageName: node
  linkType: hard

"@octokit/openapi-types@npm:^22.2.0":
  version: 22.2.0
  resolution: "@octokit/openapi-types@npm:22.2.0"
  checksum: 10c0/a45bfc735611e836df0729f5922bbd5811d401052b972d1e3bc1278a2d2403e00f4552ce9d1f2793f77f167d212da559c5cb9f1b02c935114ad6d898779546ee
  languageName: node
  linkType: hard

"@octokit/request-error@npm:^6.0.1":
  version: 6.1.5
  resolution: "@octokit/request-error@npm:6.1.5"
  dependencies:
    "@octokit/types": "npm:^13.0.0"
  checksum: 10c0/37afef6c072d987ddf50b3438bcc974741a22ee7f788172876f92b5228ed43f5c4c1556a1d73153508d6c8d3a3d2344c7fefb6cde8678c7f63c2115b8629c49b
  languageName: node
  linkType: hard

"@octokit/request@npm:^9.0.0":
  version: 9.1.3
  resolution: "@octokit/request@npm:9.1.3"
  dependencies:
    "@octokit/endpoint": "npm:^10.0.0"
    "@octokit/request-error": "npm:^6.0.1"
    "@octokit/types": "npm:^13.1.0"
    universal-user-agent: "npm:^7.0.2"
  checksum: 10c0/41c26387ca9b5b3081a17eebea0c7d6b0122f6b2cb21c2fd7ef63ca587a828448e40b33973416f615fed139c659598f2ae7a1370cc103738f0f6f3297b5fc4ab
  languageName: node
  linkType: hard

"@octokit/types@npm:^13.0.0, @octokit/types@npm:^13.1.0, @octokit/types@npm:^13.5.0":
  version: 13.6.1
  resolution: "@octokit/types@npm:13.6.1"
  dependencies:
    "@octokit/openapi-types": "npm:^22.2.0"
  checksum: 10c0/891334b5786ba6aef953384cec05d53e05132dd577c0c22db124d55eaa69609362d1e3147853b46e91bf226e046ba24d615c55214c8f8f4e7c3a5c38429b38e9
  languageName: node
  linkType: hard

"@types/node@npm:^22.7.4":
  version: 22.7.4
  resolution: "@types/node@npm:22.7.4"
  dependencies:
    undici-types: "npm:~6.19.2"
  checksum: 10c0/c22bf54515c78ff3170142c1e718b90e2a0003419dc2d55f79c9c9362edd590a6ab1450deb09ff6e1b32d1b4698da407930b16285e8be3a009ea6cd2695cac01
  languageName: node
  linkType: hard

"asynckit@npm:^0.4.0":
  version: 0.4.0
  resolution: "asynckit@npm:0.4.0"
  checksum: 10c0/d73e2ddf20c4eb9337e1b3df1a0f6159481050a5de457c55b14ea2e5cb6d90bb69e004c9af54737a5ee0917fcf2c9e25de67777bbe58261847846066ba75bc9d
  languageName: node
  linkType: hard

"automation@workspace:.":
  version: 0.0.0-use.local
  resolution: "automation@workspace:."
  dependencies:
    "@octokit/core": "npm:^6.1.2"
    "@types/node": "npm:^22.7.4"
    axios: "npm:^1.7.7"
    dotenv: "npm:^16.4.5"
    octokit-plugin-create-pull-request: "npm:^6.0.0"
    vdf-parser: "npm:^1.2.1"
  languageName: unknown
  linkType: soft

"axios@npm:^1.7.7":
  version: 1.7.7
  resolution: "axios@npm:1.7.7"
  dependencies:
    follow-redirects: "npm:^1.15.6"
    form-data: "npm:^4.0.0"
    proxy-from-env: "npm:^1.1.0"
  checksum: 10c0/4499efc89e86b0b49ffddc018798de05fab26e3bf57913818266be73279a6418c3ce8f9e934c7d2d707ab8c095e837fc6c90608fb7715b94d357720b5f568af7
  languageName: node
  linkType: hard

"before-after-hook@npm:^3.0.2":
  version: 3.0.2
  resolution: "before-after-hook@npm:3.0.2"
  checksum: 10c0/dea640f9e88a1085372c9bcc974b7bf379267490693da92ec102a7d8b515dd1e95f00ef575a146b83ca638104c57406c3427d37bdf082f602dde4b56d05bba14
  languageName: node
  linkType: hard

"combined-stream@npm:^1.0.8":
  version: 1.0.8
  resolution: "combined-stream@npm:1.0.8"
  dependencies:
    delayed-stream: "npm:~1.0.0"
  checksum: 10c0/0dbb829577e1b1e839fa82b40c07ffaf7de8a09b935cadd355a73652ae70a88b4320db322f6634a4ad93424292fa80973ac6480986247f1734a1137debf271d5
  languageName: node
  linkType: hard

"delayed-stream@npm:~1.0.0":
  version: 1.0.0
  resolution: "delayed-stream@npm:1.0.0"
  checksum: 10c0/d758899da03392e6712f042bec80aa293bbe9e9ff1b2634baae6a360113e708b91326594c8a486d475c69d6259afb7efacdc3537bfcda1c6c648e390ce601b19
  languageName: node
  linkType: hard

"dotenv@npm:^16.4.5":
  version: 16.4.5
  resolution: "dotenv@npm:16.4.5"
  checksum: 10c0/48d92870076832af0418b13acd6e5a5a3e83bb00df690d9812e94b24aff62b88ade955ac99a05501305b8dc8f1b0ee7638b18493deb6fe93d680e5220936292f
  languageName: node
  linkType: hard

"follow-redirects@npm:^1.15.6":
  version: 1.15.9
  resolution: "follow-redirects@npm:1.15.9"
  peerDependenciesMeta:
    debug:
      optional: true
  checksum: 10c0/5829165bd112c3c0e82be6c15b1a58fa9dcfaede3b3c54697a82fe4a62dd5ae5e8222956b448d2f98e331525f05d00404aba7d696de9e761ef6e42fdc780244f
  languageName: node
  linkType: hard

"form-data@npm:^4.0.0":
  version: 4.0.0
  resolution: "form-data@npm:4.0.0"
  dependencies:
    asynckit: "npm:^0.4.0"
    combined-stream: "npm:^1.0.8"
    mime-types: "npm:^2.1.12"
  checksum: 10c0/cb6f3ac49180be03ff07ba3ff125f9eba2ff0b277fb33c7fc47569fc5e616882c5b1c69b9904c4c4187e97dd0419dd03b134174756f296dec62041e6527e2c6e
  languageName: node
  linkType: hard

"mime-db@npm:1.52.0":
  version: 1.52.0
  resolution: "mime-db@npm:1.52.0"
  checksum: 10c0/0557a01deebf45ac5f5777fe7740b2a5c309c6d62d40ceab4e23da9f821899ce7a900b7ac8157d4548ddbb7beffe9abc621250e6d182b0397ec7f10c7b91a5aa
  languageName: node
  linkType: hard

"mime-types@npm:^2.1.12":
  version: 2.1.35
  resolution: "mime-types@npm:2.1.35"
  dependencies:
    mime-db: "npm:1.52.0"
  checksum: 10c0/82fb07ec56d8ff1fc999a84f2f217aa46cb6ed1033fefaabd5785b9a974ed225c90dc72fff460259e66b95b73648596dbcc50d51ed69cdf464af2d237d3149b2
  languageName: node
  linkType: hard

"octokit-plugin-create-pull-request@npm:^6.0.0":
  version: 6.0.0
  resolution: "octokit-plugin-create-pull-request@npm:6.0.0"
  dependencies:
    "@octokit/types": "npm:^13.5.0"
  checksum: 10c0/c64df956018eb923d59b51b60d70433888fed2af89a315db421b918824a9083781236909dc80f6805ec7459ed9b48a7af23b421ee0901d40a9c82b0743495371
  languageName: node
  linkType: hard

"proxy-from-env@npm:^1.1.0":
  version: 1.1.0
  resolution: "proxy-from-env@npm:1.1.0"
  checksum: 10c0/fe7dd8b1bdbbbea18d1459107729c3e4a2243ca870d26d34c2c1bcd3e4425b7bcc5112362df2d93cc7fb9746f6142b5e272fd1cc5c86ddf8580175186f6ad42b
  languageName: node
  linkType: hard

"undici-types@npm:~6.19.2":
  version: 6.19.8
  resolution: "undici-types@npm:6.19.8"
  checksum: 10c0/078afa5990fba110f6824823ace86073b4638f1d5112ee26e790155f481f2a868cc3e0615505b6f4282bdf74a3d8caad715fd809e870c2bb0704e3ea6082f344
  languageName: node
  linkType: hard

"universal-user-agent@npm:^7.0.0, universal-user-agent@npm:^7.0.2":
  version: 7.0.2
  resolution: "universal-user-agent@npm:7.0.2"
  checksum: 10c0/e60517ee929813e6b3ac0ceb3c66deccafadc71341edca160279ff046319c684fd7090a60d63aa61cd34a06c2d2acebeb8c2f8d364244ae7bf8ab788e20cd8c8
  languageName: node
  linkType: hard

"vdf-parser@npm:^1.2.1":
  version: 1.2.1
  resolution: "vdf-parser@npm:1.2.1"
  checksum: 10c0/f0a746edf1bb199303c462557d5e3a72b45f8deb4255ab522c80ae296fe82a1bbb8848bfbec3d660a6ce6bbf0efdf295d817dfe4926b33fa5ea46c87f1e3b842
  languageName: node
  linkType: hard
